{
    "_readme": [
        "This file locks the dependencies of your project to a known state",
        "Read more about it at https://getcomposer.org/doc/01-basic-usage.md#composer-lock-the-lock-file",
        "This file is @generated automatically"
    ],
    "content-hash": "d6554195c6a8aec60f6199774a779bd8",
    "packages": [
        {
            "name": "chillerlan/php-authenticator",
            "version": "2.0.0",
            "source": {
                "type": "git",
                "url": "https://github.com/codemasher/php-authenticator.git",
                "reference": "58d8fa6947ec7ee2a63f9ef4cee13d95af6a9993"
            },
            "dist": {
                "type": "zip",
                "url": "https://api.github.com/repos/codemasher/php-authenticator/zipball/58d8fa6947ec7ee2a63f9ef4cee13d95af6a9993",
                "reference": "58d8fa6947ec7ee2a63f9ef4cee13d95af6a9993",
                "shasum": ""
            },
            "require": {
                "php": ">=7.0.3"
            },
            "require-dev": {
                "phpunit/phpunit": "6.5.*"
            },
            "suggest": {
                "chillerlan/php-qrcode": ">=2.0.0"
            },
            "type": "library",
            "autoload": {
                "psr-4": {
                    "chillerlan\\Authenticator\\": "src/"
                }
            },
            "notification-url": "https://packagist.org/downloads/",
            "license": [
                "MIT"
            ],
            "authors": [
                {
                    "name": "Smiley",
                    "email": "smiley@chillerlan.net"
                }
            ],
            "description": "A generator for counter- and time based authentication codes. PHP 7+",
            "homepage": "https://github.com/codemasher/php-authenticator",
            "keywords": [
                "2fa",
                "authenticator",
                "hotp",
                "rfc4226",
                "rfc6238",
                "totp"
            ],
            "time": "2017-12-23T22:10:03+00:00"
        },
        {
            "name": "chillerlan/php-qrcode",
            "version": "2.0.1",
            "source": {
                "type": "git",
                "url": "https://github.com/codemasher/php-qrcode.git",
                "reference": "465351ca863746b9d36d24c1e85e0cb32591fbbc"
            },
            "dist": {
                "type": "zip",
                "url": "https://api.github.com/repos/codemasher/php-qrcode/zipball/465351ca863746b9d36d24c1e85e0cb32591fbbc",
                "reference": "465351ca863746b9d36d24c1e85e0cb32591fbbc",
                "shasum": ""
            },
            "require": {
                "chillerlan/php-authenticator": ">=2.0.0",
                "chillerlan/php-traits": "1.1.*",
                "php": ">=7.0.3"
            },
            "require-dev": {
                "phpunit/phpunit": "6.5.*"
            },
            "type": "library",
            "autoload": {
                "psr-4": {
                    "chillerlan\\QRCode\\": "src/"
                }
            },
            "notification-url": "https://packagist.org/downloads/",
            "license": [
                "MIT"
            ],
            "authors": [
                {
                    "name": "Smiley",
                    "email": "smiley@chillerlan.net"
                },
                {
                    "name": "Kazuhiko Arase",
                    "homepage": "https://github.com/kazuhikoarase"
                }
            ],
            "description": "A QR code generator. PHP 7+",
            "homepage": "https://github.com/codemasher/php-qrcode",
            "keywords": [
                "qr code"
            ],
            "time": "2017-12-29T05:17:21+00:00"
        },
        {
            "name": "chillerlan/php-traits",
            "version": "1.1.4",
            "source": {
                "type": "git",
                "url": "https://github.com/codemasher/php-traits.git",
                "reference": "8262c7e66594ba168fedd04d3a6a349fe99244e6"
            },
            "dist": {
                "type": "zip",
                "url": "https://api.github.com/repos/codemasher/php-traits/zipball/8262c7e66594ba168fedd04d3a6a349fe99244e6",
                "reference": "8262c7e66594ba168fedd04d3a6a349fe99244e6",
                "shasum": ""
            },
            "require": {
                "php": ">=7.0.3"
            },
            "require-dev": {
                "phpunit/phpunit": "6.5.*"
            },
            "type": "library",
            "autoload": {
                "psr-4": {
                    "chillerlan\\Traits\\": "src/"
                }
            },
            "notification-url": "https://packagist.org/downloads/",
            "license": [
                "MIT"
            ],
            "authors": [
                {
                    "name": "Smiley",
                    "email": "smiley@chillerlan.net"
                }
            ],
            "description": "Some useful traits for PHP 7+",
            "homepage": "https://github.com/codemasher/php-traits",
            "keywords": [
                "PHP7",
                "trait"
            ],
            "time": "2018-01-13T17:20:39+00:00"
        },
        {
            "name": "phpmailer/phpmailer",
            "version": "v6.0.3",
            "source": {
                "type": "git",
                "url": "https://github.com/PHPMailer/PHPMailer.git",
                "reference": "44d49bab5ab1fef721d3ee07e75dc0865ddf4cc6"
            },
            "dist": {
                "type": "zip",
                "url": "https://api.github.com/repos/PHPMailer/PHPMailer/zipball/44d49bab5ab1fef721d3ee07e75dc0865ddf4cc6",
                "reference": "44d49bab5ab1fef721d3ee07e75dc0865ddf4cc6",
                "shasum": ""
            },
            "require": {
                "ext-ctype": "*",
                "ext-filter": "*",
                "php": ">=5.5.0"
            },
            "require-dev": {
                "doctrine/annotations": "1.2.*",
                "friendsofphp/php-cs-fixer": "^2.2",
                "phpdocumentor/phpdocumentor": "2.*",
                "phpunit/phpunit": "^4.8 || ^5.7",
                "zendframework/zend-eventmanager": "3.0.*",
                "zendframework/zend-i18n": "2.7.3",
                "zendframework/zend-serializer": "2.7.*"
            },
            "suggest": {
                "ext-mbstring": "Needed to send email in multibyte encoding charset",
                "hayageek/oauth2-yahoo": "Needed for Yahoo XOAUTH2 authentication",
                "league/oauth2-google": "Needed for Google XOAUTH2 authentication",
                "psr/log": "For optional PSR-3 debug logging",
                "stevenmaguire/oauth2-microsoft": "Needed for Microsoft XOAUTH2 authentication",
                "symfony/polyfill-mbstring": "To support UTF-8 if the Mbstring PHP extension is not enabled (^1.2)"
            },
            "type": "library",
            "autoload": {
                "psr-4": {
                    "PHPMailer\\PHPMailer\\": "src/"
                }
            },
            "notification-url": "https://packagist.org/downloads/",
            "license": [
                "LGPL-2.1"
            ],
            "authors": [
                {
                    "name": "Jim Jagielski",
                    "email": "jimjag@gmail.com"
                },
                {
                    "name": "Marcus Bointon",
                    "email": "phpmailer@synchromedia.co.uk"
                },
                {
                    "name": "Andy Prevost",
                    "email": "codeworxtech@users.sourceforge.net"
                },
                {
                    "name": "Brent R. Matzelle"
                }
            ],
            "description": "PHPMailer is a full-featured email creation and transfer class for PHP",
            "time": "2018-01-05T13:19:58+00:00"
        }
    ],
    "packages-dev": [],
    "aliases": [],
    "minimum-stability": "stable",
    "stability-flags": [],
    "prefer-stable": false,
    "prefer-lowest": false,
    "platform": [],
    "platform-dev": []
}
